
Microsoft Visual Studio Solution File, Format Version 12.00
# Visual Studio Version 17
VisualStudioVersion = 17.7.34018.315
MinimumVisualStudioVersion = 10.0.40219.1
Project("{9A19103F-16F7-4668-BE54-9A1E7A4F7556}") = "FileExplorer", "FileExplorer.csproj", "{54944F73-FC9F-4C46-9620-39C6459090B3}"
EndProject
Project("{2150E333-8FDC-42A3-9474-1A3956D46DE8}") = "Representation", "Representation", "{75907469-5FE5-41CC-AA73-D1F4763545E5}"
EndProject
Global
	GlobalSection(SolutionConfigurationPlatforms) = preSolution
		Debug|Any CPU = Debug|Any CPU
		Release|Any CPU = Release|Any CPU
	EndGlobalSection
	GlobalSection(ProjectConfigurationPlatforms) = postSolution
		{54944F73-FC9F-4C46-9620-39C6459090B3}.Debug|Any CPU.ActiveCfg = Debug|Any CPU
		{54944F73-FC9F-4C46-9620-39C6459090B3}.Debug|Any CPU.Build.0 = Debug|Any CPU
		{54944F73-FC9F-4C46-9620-39C6459090B3}.Release|Any CPU.ActiveCfg = Release|Any CPU
		{54944F73-FC9F-4C46-9620-39C6459090B3}.Release|Any CPU.Build.0 = Release|Any CPU
	EndGlobalSection
	GlobalSection(SolutionProperties) = preSolution
		HideSolutionNode = FALSE
	EndGlobalSection
	GlobalSection(NestedProjects) = preSolution
		{54944F73-FC9F-4C46-9620-39C6459090B3} = {75907469-5FE5-41CC-AA73-D1F4763545E5}
	EndGlobalSection
	GlobalSection(ExtensibilityGlobals) = postSolution
		SolutionGuid = {7F73EA68-4D1A-4C01-BD90-CD64249E6CB7}
	EndGlobalSection
EndGlobal
